// !$*UTF8*$!
{
	archiveVersion = 1;
	classes = {
	};
	objectVersion = 46;
	objects = {

/* Begin PBXBuildFile section */
		B10800BB12938ECE005E9242 /* libssl.dylib in Frameworks */ = {isa = PBXBuildFile; fileRef = B10800BA12938ECE005E9242 /* libssl.dylib */; };
		B10800C01293913E005E9242 /* PXServer.m in Sources */ = {isa = PBXBuildFile; fileRef = B10800BF1293913E005E9242 /* PXServer.m */; };
		B10EB07712A31B9C00684368 /* PXSQLiteRecords.m in Sources */ = {isa = PBXBuildFile; fileRef = B10EB07612A31B9C00684368 /* PXSQLiteRecords.m */; };
		B18C021C12A0204A003C042B /* libcrypto.dylib in Frameworks */ = {isa = PBXBuildFile; fileRef = B18C021B12A0204A003C042B /* libcrypto.dylib */; };
		B18E1A4012A2D97600886783 /* libsqlcipher.a in Frameworks */ = {isa = PBXBuildFile; fileRef = B18E1A3F12A2D97600886783 /* libsqlcipher.a */; };
		B1A9DE21128B6939006B5F57 /* Foundation.framework in Frameworks */ = {isa = PBXBuildFile; fileRef = B1A9DE20128B6939006B5F57 /* Foundation.framework */; };
		B1A9DE24128B6939006B5F57 /* main.m in Sources */ = {isa = PBXBuildFile; fileRef = B1A9DE23128B6939006B5F57 /* main.m */; };
		B1A9DE29128B6939006B5F57 /* SStore.xcdatamodel in Sources */ = {isa = PBXBuildFile; fileRef = B1A9DE28128B6939006B5F57 /* SStore.xcdatamodel */; };
		B1C64D8312A4776E0020B802 /* PXSStoreController.m in Sources */ = {isa = PBXBuildFile; fileRef = B1C64D8212A4776E0020B802 /* PXSStoreController.m */; };
		B1C8BB4B12A2E40D008ACEAB /* PXSQLiteObject.m in Sources */ = {isa = PBXBuildFile; fileRef = B1C8BB4A12A2E40D008ACEAB /* PXSQLiteObject.m */; };
		B1F21C1712A1C6CC00BF2181 /* PXConnection.m in Sources */ = {isa = PBXBuildFile; fileRef = B1F21C1612A1C6CC00BF2181 /* PXConnection.m */; };
		B1F834A012A2E180005F1DD4 /* PXPerson.m in Sources */ = {isa = PBXBuildFile; fileRef = B1F8349F12A2E180005F1DD4 /* PXPerson.m */; };
		B1F834A312A2E2FE005F1DD4 /* PXFaculty.m in Sources */ = {isa = PBXBuildFile; fileRef = B1F834A212A2E2FE005F1DD4 /* PXFaculty.m */; };
/* End PBXBuildFile section */

/* Begin PBXCopyFilesBuildPhase section */
		B1A9DE18128B6939006B5F57 /* CopyFiles */ = {
			isa = PBXCopyFilesBuildPhase;
			buildActionMask = 12;
			dstPath = usr/share/man/man1;
			dstSubfolderSpec = 10;
			files = (
			);
			runOnlyForDeploymentPostprocessing = 0;
		};
/* End PBXCopyFilesBuildPhase section */

/* Begin PBXFileReference section */
		B10800BA12938ECE005E9242 /* libssl.dylib */ = {isa = PBXFileReference; lastKnownFileType = "compiled.mach-o.dylib"; name = libssl.dylib; path = Xcode4/SDKs/MacOSX10.6.sdk/usr/lib/libssl.dylib; sourceTree = SDKROOT; };
		B10800BC12938F9E005E9242 /* PXConnection.h */ = {isa = PBXFileReference; fileEncoding = 4; lastKnownFileType = sourcecode.c.h; path = PXConnection.h; sourceTree = "<group>"; };
		B10800BD129390B3005E9242 /* PXConnectionDelegate.h */ = {isa = PBXFileReference; fileEncoding = 4; lastKnownFileType = sourcecode.c.h; path = PXConnectionDelegate.h; sourceTree = "<group>"; };
		B10800BE1293913E005E9242 /* PXServer.h */ = {isa = PBXFileReference; fileEncoding = 4; lastKnownFileType = sourcecode.c.h; path = PXServer.h; sourceTree = "<group>"; };
		B10800BF1293913E005E9242 /* PXServer.m */ = {isa = PBXFileReference; fileEncoding = 4; lastKnownFileType = sourcecode.c.objc; path = PXServer.m; sourceTree = "<group>"; };
		B10EB07512A31B9C00684368 /* PXSQLiteRecords.h */ = {isa = PBXFileReference; fileEncoding = 4; lastKnownFileType = sourcecode.c.h; path = PXSQLiteRecords.h; sourceTree = "<group>"; };
		B10EB07612A31B9C00684368 /* PXSQLiteRecords.m */ = {isa = PBXFileReference; fileEncoding = 4; lastKnownFileType = sourcecode.c.objc; path = PXSQLiteRecords.m; sourceTree = "<group>"; };
		B183147112A24D350071A678 /* config.plist */ = {isa = PBXFileReference; fileEncoding = 4; lastKnownFileType = text.plist.xml; path = config.plist; sourceTree = "<group>"; };
		B183148612A285D40071A678 /* SSCrypto.framework */ = {isa = PBXFileReference; explicitFileType = wrapper.framework; path = SSCrypto.framework; sourceTree = SOURCE_ROOT; };
		B18C021B12A0204A003C042B /* libcrypto.dylib */ = {isa = PBXFileReference; lastKnownFileType = "compiled.mach-o.dylib"; name = libcrypto.dylib; path = usr/lib/libcrypto.dylib; sourceTree = SDKROOT; };
		B18E1A3F12A2D97600886783 /* libsqlcipher.a */ = {isa = PBXFileReference; explicitFileType = archive.ar; name = libsqlcipher.a; path = Users/paxswill/Developer/School/CS472/SecureGateway/SStore/libsqlcipher.a; sourceTree = SDKROOT; };
		B18E1A4112A2DA1C00886783 /* sqlcipher.xcodeproj */ = {isa = PBXFileReference; lastKnownFileType = "wrapper.pb-project"; name = sqlcipher.xcodeproj; path = ../SQLCipher/sqlcipher.xcodeproj; sourceTree = "<group>"; };
		B1A9DE1A128B6939006B5F57 /* SStore */ = {isa = PBXFileReference; explicitFileType = "compiled.mach-o.executable"; includeInIndex = 0; path = SStore; sourceTree = BUILT_PRODUCTS_DIR; };
		B1A9DE1E128B6939006B5F57 /* CoreData.framework */ = {isa = PBXFileReference; lastKnownFileType = wrapper.framework; name = CoreData.framework; path = System/Library/Frameworks/CoreData.framework; sourceTree = SDKROOT; };
		B1A9DE20128B6939006B5F57 /* Foundation.framework */ = {isa = PBXFileReference; lastKnownFileType = wrapper.framework; name = Foundation.framework; path = System/Library/Frameworks/Foundation.framework; sourceTree = SDKROOT; };
		B1A9DE22128B6939006B5F57 /* SStore.1 */ = {isa = PBXFileReference; lastKnownFileType = text.man; path = SStore.1; sourceTree = "<group>"; };
		B1A9DE23128B6939006B5F57 /* main.m */ = {isa = PBXFileReference; lastKnownFileType = sourcecode.c.objc; path = main.m; sourceTree = "<group>"; };
		B1A9DE26128B6939006B5F57 /* SStore_Prefix.pch */ = {isa = PBXFileReference; lastKnownFileType = sourcecode.c.h; path = SStore_Prefix.pch; sourceTree = "<group>"; };
		B1A9DE28128B6939006B5F57 /* SStore.xcdatamodel */ = {isa = PBXFileReference; lastKnownFileType = wrapper.xcdatamodel; path = SStore.xcdatamodel; sourceTree = "<group>"; };
		B1C64D8112A4776E0020B802 /* PXSStoreController.h */ = {isa = PBXFileReference; fileEncoding = 4; lastKnownFileType = sourcecode.c.h; path = PXSStoreController.h; sourceTree = "<group>"; };
		B1C64D8212A4776E0020B802 /* PXSStoreController.m */ = {isa = PBXFileReference; fileEncoding = 4; lastKnownFileType = sourcecode.c.objc; path = PXSStoreController.m; sourceTree = "<group>"; };
		B1C8BB4912A2E40D008ACEAB /* PXSQLiteObject.h */ = {isa = PBXFileReference; fileEncoding = 4; lastKnownFileType = sourcecode.c.h; path = PXSQLiteObject.h; sourceTree = "<group>"; };
		B1C8BB4A12A2E40D008ACEAB /* PXSQLiteObject.m */ = {isa = PBXFileReference; fileEncoding = 4; lastKnownFileType = sourcecode.c.objc; path = PXSQLiteObject.m; sourceTree = "<group>"; };
		B1CF39C312A06C530083E308 /* cacert.pem */ = {isa = PBXFileReference; fileEncoding = 4; lastKnownFileType = text; name = cacert.pem; path = /Users/paxswill/Developer/School/CS472/SecureGateway/demoCA/cacert.pem; sourceTree = "<absolute>"; };
		B1F21C1212A1B1A900BF2181 /* cert.pem */ = {isa = PBXFileReference; fileEncoding = 4; lastKnownFileType = text; path = cert.pem; sourceTree = "<group>"; };
		B1F21C1312A1B1A900BF2181 /* key.pem */ = {isa = PBXFileReference; fileEncoding = 4; lastKnownFileType = text; path = key.pem; sourceTree = "<group>"; };
		B1F21C1612A1C6CC00BF2181 /* PXConnection.m */ = {isa = PBXFileReference; fileEncoding = 4; lastKnownFileType = sourcecode.c.objc; name = PXConnection.m; path = /Users/paxswill/Developer/School/CS472/SecureGateway/SStore/Source/PXConnection.m; sourceTree = "<absolute>"; };
		B1F8349E12A2E180005F1DD4 /* PXPerson.h */ = {isa = PBXFileReference; fileEncoding = 4; lastKnownFileType = sourcecode.c.h; path = PXPerson.h; sourceTree = "<group>"; };
		B1F8349F12A2E180005F1DD4 /* PXPerson.m */ = {isa = PBXFileReference; fileEncoding = 4; lastKnownFileType = sourcecode.c.objc; path = PXPerson.m; sourceTree = "<group>"; };
		B1F834A112A2E2FE005F1DD4 /* PXFaculty.h */ = {isa = PBXFileReference; fileEncoding = 4; lastKnownFileType = sourcecode.c.h; path = PXFaculty.h; sourceTree = "<group>"; };
		B1F834A212A2E2FE005F1DD4 /* PXFaculty.m */ = {isa = PBXFileReference; fileEncoding = 4; lastKnownFileType = sourcecode.c.objc; path = PXFaculty.m; sourceTree = "<group>"; };
/* End PBXFileReference section */

/* Begin PBXFrameworksBuildPhase section */
		B1A9DE17128B6939006B5F57 /* Frameworks */ = {
			isa = PBXFrameworksBuildPhase;
			buildActionMask = 2147483647;
			files = (
				B18E1A4012A2D97600886783 /* libsqlcipher.a in Frameworks */,
				B18C021C12A0204A003C042B /* libcrypto.dylib in Frameworks */,
				B10800BB12938ECE005E9242 /* libssl.dylib in Frameworks */,
				B1A9DE21128B6939006B5F57 /* Foundation.framework in Frameworks */,
			);
			runOnlyForDeploymentPostprocessing = 0;
		};
/* End PBXFrameworksBuildPhase section */

/* Begin PBXGroup section */
		B1A9DE0D128B6938006B5F57 = {
			isa = PBXGroup;
			children = (
				B18E1A4112A2DA1C00886783 /* sqlcipher.xcodeproj */,
				B1A9DE14128B6939006B5F57 /* Source */,
				B1A9DE15128B6939006B5F57 /* Documentation */,
				B1A9DE1B128B6939006B5F57 /* Products */,
				B1A9DE1D128B6939006B5F57 /* Frameworks */,
				B1A9DE25128B6939006B5F57 /* Other Sources */,
				B1A9DE27128B6939006B5F57 /* Model */,
			);
			sourceTree = "<group>";
		};
		B1A9DE14128B6939006B5F57 /* Source */ = {
			isa = PBXGroup;
			children = (
				B10EB07512A31B9C00684368 /* PXSQLiteRecords.h */,
				B10EB07612A31B9C00684368 /* PXSQLiteRecords.m */,
				B1F8349D12A2DAB3005F1DD4 /* Model Objects */,
				B10800BE1293913E005E9242 /* PXServer.h */,
				B10800BF1293913E005E9242 /* PXServer.m */,
				B10800BD129390B3005E9242 /* PXConnectionDelegate.h */,
				B10800BC12938F9E005E9242 /* PXConnection.h */,
				B1F21C1612A1C6CC00BF2181 /* PXConnection.m */,
				B1A9DE23128B6939006B5F57 /* main.m */,
				B1C64D8112A4776E0020B802 /* PXSStoreController.h */,
				B1C64D8212A4776E0020B802 /* PXSStoreController.m */,
			);
			path = Source;
			sourceTree = "<group>";
		};
		B1A9DE15128B6939006B5F57 /* Documentation */ = {
			isa = PBXGroup;
			children = (
				B1A9DE22128B6939006B5F57 /* SStore.1 */,
			);
			name = Documentation;
			sourceTree = "<group>";
		};
		B1A9DE1B128B6939006B5F57 /* Products */ = {
			isa = PBXGroup;
			children = (
				B1A9DE1A128B6939006B5F57 /* SStore */,
			);
			name = Products;
			sourceTree = "<group>";
		};
		B1A9DE1D128B6939006B5F57 /* Frameworks */ = {
			isa = PBXGroup;
			children = (
				B18E1A3F12A2D97600886783 /* libsqlcipher.a */,
				B183148612A285D40071A678 /* SSCrypto.framework */,
				B18C021B12A0204A003C042B /* libcrypto.dylib */,
				B10800BA12938ECE005E9242 /* libssl.dylib */,
				B1A9DE1E128B6939006B5F57 /* CoreData.framework */,
				B1A9DE20128B6939006B5F57 /* Foundation.framework */,
			);
			name = Frameworks;
			sourceTree = "<group>";
		};
		B1A9DE25128B6939006B5F57 /* Other Sources */ = {
			isa = PBXGroup;
			children = (
				B1F21C1212A1B1A900BF2181 /* cert.pem */,
				B1F21C1312A1B1A900BF2181 /* key.pem */,
				B1CF39C312A06C530083E308 /* cacert.pem */,
				B1A9DE26128B6939006B5F57 /* SStore_Prefix.pch */,
				B183147112A24D350071A678 /* config.plist */,
			);
			name = "Other Sources";
			sourceTree = "<group>";
		};
		B1A9DE27128B6939006B5F57 /* Model */ = {
			isa = PBXGroup;
			children = (
				B1A9DE28128B6939006B5F57 /* SStore.xcdatamodel */,
			);
			name = Model;
			sourceTree = "<group>";
		};
		B1F8349D12A2DAB3005F1DD4 /* Model Objects */ = {
			isa = PBXGroup;
			children = (
				B1C8BB4912A2E40D008ACEAB /* PXSQLiteObject.h */,
				B1C8BB4A12A2E40D008ACEAB /* PXSQLiteObject.m */,
				B1F8349E12A2E180005F1DD4 /* PXPerson.h */,
				B1F8349F12A2E180005F1DD4 /* PXPerson.m */,
				B1F834A112A2E2FE005F1DD4 /* PXFaculty.h */,
				B1F834A212A2E2FE005F1DD4 /* PXFaculty.m */,
			);
			name = "Model Objects";
			sourceTree = "<group>";
		};
/* End PBXGroup section */

/* Begin PBXNativeTarget section */
		B1A9DE19128B6939006B5F57 /* SStore */ = {
			isa = PBXNativeTarget;
			buildConfigurationList = B1A9DE2C128B6939006B5F57 /* Build configuration list for PBXNativeTarget "SStore" */;
			buildPhases = (
				B1A9DE16128B6939006B5F57 /* Sources */,
				B1A9DE17128B6939006B5F57 /* Frameworks */,
				B1A9DE18128B6939006B5F57 /* CopyFiles */,
			);
			buildRules = (
			);
			dependencies = (
			);
			name = SStore;
			productName = SStore;
			productReference = B1A9DE1A128B6939006B5F57 /* SStore */;
			productType = "com.apple.product-type.tool";
		};
/* End PBXNativeTarget section */

/* Begin PBXProject section */
		B1A9DE0F128B6938006B5F57 /* Project object */ = {
			isa = PBXProject;
			attributes = {
				ORGANIZATIONNAME = "Will Ross";
			};
			buildConfigurationList = B1A9DE12128B6938006B5F57 /* Build configuration list for PBXProject "SStore" */;
			compatibilityVersion = "Xcode 3.2";
			developmentRegion = English;
			hasScannedForEncodings = 0;
			knownRegions = (
				en,
			);
			mainGroup = B1A9DE0D128B6938006B5F57;
			productRefGroup = B1A9DE1B128B6939006B5F57 /* Products */;
			projectDirPath = "";
			projectRoot = "";
			targets = (
				B1A9DE19128B6939006B5F57 /* SStore */,
			);
		};
/* End PBXProject section */

/* Begin PBXSourcesBuildPhase section */
		B1A9DE16128B6939006B5F57 /* Sources */ = {
			isa = PBXSourcesBuildPhase;
			buildActionMask = 2147483647;
			files = (
				B1A9DE24128B6939006B5F57 /* main.m in Sources */,
				B1A9DE29128B6939006B5F57 /* SStore.xcdatamodel in Sources */,
				B10800C01293913E005E9242 /* PXServer.m in Sources */,
				B1F21C1712A1C6CC00BF2181 /* PXConnection.m in Sources */,
				B1F834A012A2E180005F1DD4 /* PXPerson.m in Sources */,
				B1F834A312A2E2FE005F1DD4 /* PXFaculty.m in Sources */,
				B1C8BB4B12A2E40D008ACEAB /* PXSQLiteObject.m in Sources */,
				B10EB07712A31B9C00684368 /* PXSQLiteRecords.m in Sources */,
				B1C64D8312A4776E0020B802 /* PXSStoreController.m in Sources */,
			);
			runOnlyForDeploymentPostprocessing = 0;
		};
/* End PBXSourcesBuildPhase section */

/* Begin XCBuildConfiguration section */
		B1A9DE2A128B6939006B5F57 /* Debug */ = {
			isa = XCBuildConfiguration;
			buildSettings = {
				ARCHS = "$(ARCHS_STANDARD_32_64_BIT)";
				GCC_C_LANGUAGE_STANDARD = gnu99;
				GCC_ENABLE_OBJC_GC = required;
				GCC_OPTIMIZATION_LEVEL = 0;
				GCC_PREPROCESSOR_DEFINITIONS = DEBUG;
				GCC_VERSION = com.apple.compilers.llvm.clang.1_0;
				GCC_WARN_ABOUT_RETURN_TYPE = YES;
				GCC_WARN_UNUSED_VARIABLE = YES;
				HEADER_SEARCH_PATHS = ../SSCrypto/;
				MACOSX_DEPLOYMENT_TARGET = 10.6;
				ONLY_ACTIVE_ARCH = YES;
				PREBINDING = NO;
				SDKROOT = macosx;
				USER_HEADER_SEARCH_PATHS = "../*/**";
			};
			name = Debug;
		};
		B1A9DE2B128B6939006B5F57 /* Release */ = {
			isa = XCBuildConfiguration;
			buildSettings = {
				ARCHS = "$(ARCHS_STANDARD_32_64_BIT)";
				GCC_C_LANGUAGE_STANDARD = gnu99;
				GCC_ENABLE_OBJC_GC = required;
				GCC_VERSION = com.apple.compilers.llvm.clang.1_0;
				GCC_WARN_ABOUT_RETURN_TYPE = YES;
				GCC_WARN_UNUSED_VARIABLE = YES;
				HEADER_SEARCH_PATHS = ../SSCrypto/;
				MACOSX_DEPLOYMENT_TARGET = 10.6;
				PREBINDING = NO;
				SDKROOT = macosx;
				USER_HEADER_SEARCH_PATHS = "../*/**";
			};
			name = Release;
		};
		B1A9DE2D128B6939006B5F57 /* Debug */ = {
			isa = XCBuildConfiguration;
			buildSettings = {
				ALWAYS_SEARCH_USER_PATHS = NO;
				COPY_PHASE_STRIP = NO;
				FRAMEWORK_SEARCH_PATHS = (
					"$(inherited)",
					"\"$(SRCROOT)\"",
				);
				GCC_DYNAMIC_NO_PIC = NO;
				GCC_ENABLE_OBJC_EXCEPTIONS = YES;
				GCC_MODEL_TUNING = G5;
				GCC_PRECOMPILE_PREFIX_HEADER = YES;
				GCC_PREFIX_HEADER = SStore_Prefix.pch;
				INSTALL_PATH = /usr/local/bin;
				LIBRARY_SEARCH_PATHS = (
					"$(inherited)",
					"\"$(SRCROOT)\"",
				);
				PRODUCT_NAME = "$(TARGET_NAME)";
			};
			name = Debug;
		};
		B1A9DE2E128B6939006B5F57 /* Release */ = {
			isa = XCBuildConfiguration;
			buildSettings = {
				ALWAYS_SEARCH_USER_PATHS = NO;
				COPY_PHASE_STRIP = YES;
				DEBUG_INFORMATION_FORMAT = "dwarf-with-dsym";
				FRAMEWORK_SEARCH_PATHS = (
					"$(inherited)",
					"\"$(SRCROOT)\"",
				);
				GCC_ENABLE_OBJC_EXCEPTIONS = YES;
				GCC_MODEL_TUNING = G5;
				GCC_PRECOMPILE_PREFIX_HEADER = YES;
				GCC_PREFIX_HEADER = SStore_Prefix.pch;
				INSTALL_PATH = /usr/local/bin;
				LIBRARY_SEARCH_PATHS = (
					"$(inherited)",
					"\"$(SRCROOT)\"",
				);
				PRODUCT_NAME = "$(TARGET_NAME)";
			};
			name = Release;
		};
/* End XCBuildConfiguration section */

/* Begin XCConfigurationList section */
		B1A9DE12128B6938006B5F57 /* Build configuration list for PBXProject "SStore" */ = {
			isa = XCConfigurationList;
			buildConfigurations = (
				B1A9DE2A128B6939006B5F57 /* Debug */,
				B1A9DE2B128B6939006B5F57 /* Release */,
			);
			defaultConfigurationIsVisible = 0;
			defaultConfigurationName = Release;
		};
		B1A9DE2C128B6939006B5F57 /* Build configuration list for PBXNativeTarget "SStore" */ = {
			isa = XCConfigurationList;
			buildConfigurations = (
				B1A9DE2D128B6939006B5F57 /* Debug */,
				B1A9DE2E128B6939006B5F57 /* Release */,
			);
			defaultConfigurationIsVisible = 0;
			defaultConfigurationName = Release;
		};
/* End XCConfigurationList section */
	};
	rootObject = B1A9DE0F128B6938006B5F57 /* Project object */;
}
