// !$*UTF8*$!
{
	archiveVersion = 1;
	classes = {
	};
	objectVersion = 46;
	objects = {

/* Begin PBXBuildFile section */
		B10800BB12938ECE005E9242 /* libssl.dylib in Frameworks */ = {isa = PBXBuildFile; fileRef = B10800BA12938ECE005E9242 /* libssl.dylib */; };
		B10800C01293913E005E9242 /* PXServer.m in Sources */ = {isa = PBXBuildFile; fileRef = B10800BF1293913E005E9242 /* PXServer.m */; };
		B13035DD12A28819003DD6A4 /* SSCrypto.m in Sources */ = {isa = PBXBuildFile; fileRef = B13035DC12A28819003DD6A4 /* SSCrypto.m */; };
		B183148312A281CD0071A678 /* PXAESDataTransformer.m in Sources */ = {isa = PBXBuildFile; fileRef = B183148212A281CD0071A678 /* PXAESDataTransformer.m */; };
		B18C021C12A0204A003C042B /* libcrypto.dylib in Frameworks */ = {isa = PBXBuildFile; fileRef = B18C021B12A0204A003C042B /* libcrypto.dylib */; };
		B1A9DE1F128B6939006B5F57 /* CoreData.framework in Frameworks */ = {isa = PBXBuildFile; fileRef = B1A9DE1E128B6939006B5F57 /* CoreData.framework */; };
		B1A9DE21128B6939006B5F57 /* Foundation.framework in Frameworks */ = {isa = PBXBuildFile; fileRef = B1A9DE20128B6939006B5F57 /* Foundation.framework */; };
		B1A9DE24128B6939006B5F57 /* main.m in Sources */ = {isa = PBXBuildFile; fileRef = B1A9DE23128B6939006B5F57 /* main.m */; };
		B1A9DE29128B6939006B5F57 /* SStore.xcdatamodel in Sources */ = {isa = PBXBuildFile; fileRef = B1A9DE28128B6939006B5F57 /* SStore.xcdatamodel */; };
		B1F21C1712A1C6CC00BF2181 /* PXConnection.m in Sources */ = {isa = PBXBuildFile; fileRef = B1F21C1612A1C6CC00BF2181 /* PXConnection.m */; };
/* End PBXBuildFile section */

/* Begin PBXContainerItemProxy section */
		B183147B12A280340071A678 /* PBXContainerItemProxy */ = {
			isa = PBXContainerItemProxy;
			containerPortal = B183147212A280310071A678 /* SSCrypto.xcodeproj */;
			proxyType = 2;
			remoteGlobalIDString = 8DC2EF5B0486A6940098B216;
			remoteInfo = SSCrypto;
		};
		B183147D12A280340071A678 /* PBXContainerItemProxy */ = {
			isa = PBXContainerItemProxy;
			containerPortal = B183147212A280310071A678 /* SSCrypto.xcodeproj */;
			proxyType = 2;
			remoteGlobalIDString = 6404DE36064817A000087955;
			remoteInfo = SSCryptoTest;
		};
		B183147F12A280480071A678 /* PBXContainerItemProxy */ = {
			isa = PBXContainerItemProxy;
			containerPortal = B183147212A280310071A678 /* SSCrypto.xcodeproj */;
			proxyType = 1;
			remoteGlobalIDString = 8DC2EF4F0486A6940098B216;
			remoteInfo = SSCrypto;
		};
/* End PBXContainerItemProxy section */

/* Begin PBXCopyFilesBuildPhase section */
		B1A9DE18128B6939006B5F57 /* CopyFiles */ = {
			isa = PBXCopyFilesBuildPhase;
			buildActionMask = 12;
			dstPath = usr/share/man/man1;
			dstSubfolderSpec = 10;
			files = (
			);
			runOnlyForDeploymentPostprocessing = 0;
		};
/* End PBXCopyFilesBuildPhase section */

/* Begin PBXFileReference section */
		B10800BA12938ECE005E9242 /* libssl.dylib */ = {isa = PBXFileReference; lastKnownFileType = "compiled.mach-o.dylib"; name = libssl.dylib; path = Xcode4/SDKs/MacOSX10.6.sdk/usr/lib/libssl.dylib; sourceTree = SDKROOT; };
		B10800BC12938F9E005E9242 /* PXConnection.h */ = {isa = PBXFileReference; fileEncoding = 4; lastKnownFileType = sourcecode.c.h; path = PXConnection.h; sourceTree = "<group>"; };
		B10800BD129390B3005E9242 /* PXConnectionDelegate.h */ = {isa = PBXFileReference; fileEncoding = 4; lastKnownFileType = sourcecode.c.h; path = PXConnectionDelegate.h; sourceTree = "<group>"; };
		B10800BE1293913E005E9242 /* PXServer.h */ = {isa = PBXFileReference; fileEncoding = 4; lastKnownFileType = sourcecode.c.h; path = PXServer.h; sourceTree = "<group>"; };
		B10800BF1293913E005E9242 /* PXServer.m */ = {isa = PBXFileReference; fileEncoding = 4; lastKnownFileType = sourcecode.c.objc; path = PXServer.m; sourceTree = "<group>"; };
		B13035DB12A28819003DD6A4 /* SSCrypto.h */ = {isa = PBXFileReference; fileEncoding = 4; lastKnownFileType = sourcecode.c.h; name = SSCrypto.h; path = ../../SSCrypto/SSCrypto.h; sourceTree = "<group>"; };
		B13035DC12A28819003DD6A4 /* SSCrypto.m */ = {isa = PBXFileReference; fileEncoding = 4; lastKnownFileType = sourcecode.c.objc; name = SSCrypto.m; path = ../../SSCrypto/SSCrypto.m; sourceTree = "<group>"; };
		B148296E128BA04200F94AFB /* PXFaculty.h */ = {isa = PBXFileReference; lastKnownFileType = sourcecode.c.h; name = PXFaculty.h; path = "Model Objects/PXFaculty.h"; sourceTree = "<group>"; };
		B148296F128BA04200F94AFB /* PXFaculty.m */ = {isa = PBXFileReference; lastKnownFileType = sourcecode.c.objc; name = PXFaculty.m; path = "Model Objects/PXFaculty.m"; sourceTree = "<group>"; };
		B1482970128BA04300F94AFB /* PXDocument.h */ = {isa = PBXFileReference; lastKnownFileType = sourcecode.c.h; name = PXDocument.h; path = "Model Objects/PXDocument.h"; sourceTree = "<group>"; };
		B1482971128BA04300F94AFB /* PXDocument.m */ = {isa = PBXFileReference; lastKnownFileType = sourcecode.c.objc; name = PXDocument.m; path = "Model Objects/PXDocument.m"; sourceTree = "<group>"; };
		B1482972128BA04300F94AFB /* PXStudent.h */ = {isa = PBXFileReference; lastKnownFileType = sourcecode.c.h; name = PXStudent.h; path = "Model Objects/PXStudent.h"; sourceTree = "<group>"; };
		B1482973128BA04300F94AFB /* PXStudent.m */ = {isa = PBXFileReference; lastKnownFileType = sourcecode.c.objc; name = PXStudent.m; path = "Model Objects/PXStudent.m"; sourceTree = "<group>"; };
		B1482978128BA0AB00F94AFB /* PXCourse.h */ = {isa = PBXFileReference; lastKnownFileType = sourcecode.c.h; name = PXCourse.h; path = "Model Objects/PXCourse.h"; sourceTree = "<group>"; };
		B1482979128BA0AB00F94AFB /* PXCourse.m */ = {isa = PBXFileReference; lastKnownFileType = sourcecode.c.objc; name = PXCourse.m; path = "Model Objects/PXCourse.m"; sourceTree = "<group>"; };
		B148297A128BA0AC00F94AFB /* PXPerson.h */ = {isa = PBXFileReference; lastKnownFileType = sourcecode.c.h; name = PXPerson.h; path = "Model Objects/PXPerson.h"; sourceTree = "<group>"; };
		B148297B128BA0AC00F94AFB /* PXPerson.m */ = {isa = PBXFileReference; lastKnownFileType = sourcecode.c.objc; name = PXPerson.m; path = "Model Objects/PXPerson.m"; sourceTree = "<group>"; };
		B183147112A24D350071A678 /* config.plist */ = {isa = PBXFileReference; fileEncoding = 4; lastKnownFileType = text.plist.xml; path = config.plist; sourceTree = "<group>"; };
		B183147212A280310071A678 /* SSCrypto.xcodeproj */ = {isa = PBXFileReference; lastKnownFileType = "wrapper.pb-project"; name = SSCrypto.xcodeproj; path = /Users/paxswill/Developer/School/CS472/SecureGateway/SSCrypto/SSCrypto.xcodeproj; sourceTree = "<absolute>"; };
		B183148112A281CD0071A678 /* PXAESDataTransformer.h */ = {isa = PBXFileReference; fileEncoding = 4; path = PXAESDataTransformer.h; sourceTree = "<group>"; };
		B183148212A281CD0071A678 /* PXAESDataTransformer.m */ = {isa = PBXFileReference; fileEncoding = 4; lastKnownFileType = sourcecode.c.objc; path = PXAESDataTransformer.m; sourceTree = "<group>"; };
		B183148612A285D40071A678 /* SSCrypto.framework */ = {isa = PBXFileReference; explicitFileType = wrapper.framework; path = SSCrypto.framework; sourceTree = SOURCE_ROOT; };
		B18C021B12A0204A003C042B /* libcrypto.dylib */ = {isa = PBXFileReference; lastKnownFileType = "compiled.mach-o.dylib"; name = libcrypto.dylib; path = usr/lib/libcrypto.dylib; sourceTree = SDKROOT; };
		B1A9DE1A128B6939006B5F57 /* SStore */ = {isa = PBXFileReference; explicitFileType = "compiled.mach-o.executable"; includeInIndex = 0; path = SStore; sourceTree = BUILT_PRODUCTS_DIR; };
		B1A9DE1E128B6939006B5F57 /* CoreData.framework */ = {isa = PBXFileReference; lastKnownFileType = wrapper.framework; name = CoreData.framework; path = System/Library/Frameworks/CoreData.framework; sourceTree = SDKROOT; };
		B1A9DE20128B6939006B5F57 /* Foundation.framework */ = {isa = PBXFileReference; lastKnownFileType = wrapper.framework; name = Foundation.framework; path = System/Library/Frameworks/Foundation.framework; sourceTree = SDKROOT; };
		B1A9DE22128B6939006B5F57 /* SStore.1 */ = {isa = PBXFileReference; lastKnownFileType = text.man; path = SStore.1; sourceTree = "<group>"; };
		B1A9DE23128B6939006B5F57 /* main.m */ = {isa = PBXFileReference; lastKnownFileType = sourcecode.c.objc; path = main.m; sourceTree = "<group>"; };
		B1A9DE26128B6939006B5F57 /* SStore_Prefix.pch */ = {isa = PBXFileReference; lastKnownFileType = sourcecode.c.h; path = SStore_Prefix.pch; sourceTree = "<group>"; };
		B1A9DE28128B6939006B5F57 /* SStore.xcdatamodel */ = {isa = PBXFileReference; lastKnownFileType = wrapper.xcdatamodel; path = SStore.xcdatamodel; sourceTree = "<group>"; };
		B1CF39C312A06C530083E308 /* cacert.pem */ = {isa = PBXFileReference; fileEncoding = 4; lastKnownFileType = text; name = cacert.pem; path = /Users/paxswill/Developer/School/CS472/SecureGateway/demoCA/cacert.pem; sourceTree = "<absolute>"; };
		B1F21C1212A1B1A900BF2181 /* cert.pem */ = {isa = PBXFileReference; fileEncoding = 4; lastKnownFileType = text; path = cert.pem; sourceTree = "<group>"; };
		B1F21C1312A1B1A900BF2181 /* key.pem */ = {isa = PBXFileReference; fileEncoding = 4; lastKnownFileType = text; path = key.pem; sourceTree = "<group>"; };
		B1F21C1612A1C6CC00BF2181 /* PXConnection.m */ = {isa = PBXFileReference; fileEncoding = 4; lastKnownFileType = sourcecode.c.objc; name = PXConnection.m; path = /Users/paxswill/Developer/School/CS472/SecureGateway/SStore/Source/PXConnection.m; sourceTree = "<absolute>"; };
/* End PBXFileReference section */

/* Begin PBXFrameworksBuildPhase section */
		B1A9DE17128B6939006B5F57 /* Frameworks */ = {
			isa = PBXFrameworksBuildPhase;
			buildActionMask = 2147483647;
			files = (
				B18C021C12A0204A003C042B /* libcrypto.dylib in Frameworks */,
				B10800BB12938ECE005E9242 /* libssl.dylib in Frameworks */,
				B1A9DE1F128B6939006B5F57 /* CoreData.framework in Frameworks */,
				B1A9DE21128B6939006B5F57 /* Foundation.framework in Frameworks */,
			);
			runOnlyForDeploymentPostprocessing = 0;
		};
/* End PBXFrameworksBuildPhase section */

/* Begin PBXGroup section */
		B13035DA12A28809003DD6A4 /* SSCrypto */ = {
			isa = PBXGroup;
			children = (
				B13035DB12A28819003DD6A4 /* SSCrypto.h */,
				B13035DC12A28819003DD6A4 /* SSCrypto.m */,
			);
			name = SSCrypto;
			sourceTree = "<group>";
		};
		B148296C128BA00B00F94AFB /* Model Objects */ = {
			isa = PBXGroup;
			children = (
				B148297A128BA0AC00F94AFB /* PXPerson.h */,
				B148297B128BA0AC00F94AFB /* PXPerson.m */,
				B1482978128BA0AB00F94AFB /* PXCourse.h */,
				B1482979128BA0AB00F94AFB /* PXCourse.m */,
				B1482972128BA04300F94AFB /* PXStudent.h */,
				B1482973128BA04300F94AFB /* PXStudent.m */,
				B1482970128BA04300F94AFB /* PXDocument.h */,
				B1482971128BA04300F94AFB /* PXDocument.m */,
				B148296E128BA04200F94AFB /* PXFaculty.h */,
				B148296F128BA04200F94AFB /* PXFaculty.m */,
			);
			name = "Model Objects";
			sourceTree = "<group>";
		};
		B183147312A280310071A678 /* Products */ = {
			isa = PBXGroup;
			children = (
				B183147C12A280340071A678 /* SSCrypto.framework */,
				B183147E12A280340071A678 /* SSCryptoTest */,
			);
			name = Products;
			sourceTree = "<group>";
		};
		B1A9DE0D128B6938006B5F57 = {
			isa = PBXGroup;
			children = (
				B183147212A280310071A678 /* SSCrypto.xcodeproj */,
				B1A9DE14128B6939006B5F57 /* Source */,
				B1A9DE15128B6939006B5F57 /* Documentation */,
				B1A9DE1B128B6939006B5F57 /* Products */,
				B1A9DE1D128B6939006B5F57 /* Frameworks */,
				B1A9DE25128B6939006B5F57 /* Other Sources */,
				B1A9DE27128B6939006B5F57 /* Model */,
			);
			sourceTree = "<group>";
		};
		B1A9DE14128B6939006B5F57 /* Source */ = {
			isa = PBXGroup;
			children = (
				B13035DA12A28809003DD6A4 /* SSCrypto */,
				B148296C128BA00B00F94AFB /* Model Objects */,
				B10800BE1293913E005E9242 /* PXServer.h */,
				B10800BF1293913E005E9242 /* PXServer.m */,
				B10800BD129390B3005E9242 /* PXConnectionDelegate.h */,
				B10800BC12938F9E005E9242 /* PXConnection.h */,
				B1F21C1612A1C6CC00BF2181 /* PXConnection.m */,
				B1A9DE23128B6939006B5F57 /* main.m */,
				B183148112A281CD0071A678 /* PXAESDataTransformer.h */,
				B183148212A281CD0071A678 /* PXAESDataTransformer.m */,
			);
			path = Source;
			sourceTree = "<group>";
		};
		B1A9DE15128B6939006B5F57 /* Documentation */ = {
			isa = PBXGroup;
			children = (
				B1A9DE22128B6939006B5F57 /* SStore.1 */,
			);
			name = Documentation;
			sourceTree = "<group>";
		};
		B1A9DE1B128B6939006B5F57 /* Products */ = {
			isa = PBXGroup;
			children = (
				B1A9DE1A128B6939006B5F57 /* SStore */,
			);
			name = Products;
			sourceTree = "<group>";
		};
		B1A9DE1D128B6939006B5F57 /* Frameworks */ = {
			isa = PBXGroup;
			children = (
				B183148612A285D40071A678 /* SSCrypto.framework */,
				B18C021B12A0204A003C042B /* libcrypto.dylib */,
				B10800BA12938ECE005E9242 /* libssl.dylib */,
				B1A9DE1E128B6939006B5F57 /* CoreData.framework */,
				B1A9DE20128B6939006B5F57 /* Foundation.framework */,
			);
			name = Frameworks;
			sourceTree = "<group>";
		};
		B1A9DE25128B6939006B5F57 /* Other Sources */ = {
			isa = PBXGroup;
			children = (
				B1F21C1212A1B1A900BF2181 /* cert.pem */,
				B1F21C1312A1B1A900BF2181 /* key.pem */,
				B1CF39C312A06C530083E308 /* cacert.pem */,
				B1A9DE26128B6939006B5F57 /* SStore_Prefix.pch */,
				B183147112A24D350071A678 /* config.plist */,
			);
			name = "Other Sources";
			sourceTree = "<group>";
		};
		B1A9DE27128B6939006B5F57 /* Model */ = {
			isa = PBXGroup;
			children = (
				B1A9DE28128B6939006B5F57 /* SStore.xcdatamodel */,
			);
			name = Model;
			sourceTree = "<group>";
		};
/* End PBXGroup section */

/* Begin PBXNativeTarget section */
		B1A9DE19128B6939006B5F57 /* SStore */ = {
			isa = PBXNativeTarget;
			buildConfigurationList = B1A9DE2C128B6939006B5F57 /* Build configuration list for PBXNativeTarget "SStore" */;
			buildPhases = (
				B1A9DE16128B6939006B5F57 /* Sources */,
				B1A9DE17128B6939006B5F57 /* Frameworks */,
				B1A9DE18128B6939006B5F57 /* CopyFiles */,
			);
			buildRules = (
			);
			dependencies = (
				B183148012A280480071A678 /* PBXTargetDependency */,
			);
			name = SStore;
			productName = SStore;
			productReference = B1A9DE1A128B6939006B5F57 /* SStore */;
			productType = "com.apple.product-type.tool";
		};
/* End PBXNativeTarget section */

/* Begin PBXProject section */
		B1A9DE0F128B6938006B5F57 /* Project object */ = {
			isa = PBXProject;
			attributes = {
				ORGANIZATIONNAME = "Naval Research Lab";
			};
			buildConfigurationList = B1A9DE12128B6938006B5F57 /* Build configuration list for PBXProject "SStore" */;
			compatibilityVersion = "Xcode 3.2";
			developmentRegion = English;
			hasScannedForEncodings = 0;
			knownRegions = (
				en,
			);
			mainGroup = B1A9DE0D128B6938006B5F57;
			productRefGroup = B1A9DE1B128B6939006B5F57 /* Products */;
			projectDirPath = "";
			projectReferences = (
				{
					ProductGroup = B183147312A280310071A678 /* Products */;
					ProjectRef = B183147212A280310071A678 /* SSCrypto.xcodeproj */;
				},
			);
			projectRoot = "";
			targets = (
				B1A9DE19128B6939006B5F57 /* SStore */,
			);
		};
/* End PBXProject section */

/* Begin PBXReferenceProxy section */
		B183147C12A280340071A678 /* SSCrypto.framework */ = {
			isa = PBXReferenceProxy;
			fileType = wrapper.framework;
			path = SSCrypto.framework;
			remoteRef = B183147B12A280340071A678 /* PBXContainerItemProxy */;
			sourceTree = BUILT_PRODUCTS_DIR;
		};
		B183147E12A280340071A678 /* SSCryptoTest */ = {
			isa = PBXReferenceProxy;
			fileType = "compiled.mach-o.executable";
			path = SSCryptoTest;
			remoteRef = B183147D12A280340071A678 /* PBXContainerItemProxy */;
			sourceTree = BUILT_PRODUCTS_DIR;
		};
/* End PBXReferenceProxy section */

/* Begin PBXSourcesBuildPhase section */
		B1A9DE16128B6939006B5F57 /* Sources */ = {
			isa = PBXSourcesBuildPhase;
			buildActionMask = 2147483647;
			files = (
				B1A9DE24128B6939006B5F57 /* main.m in Sources */,
				B1A9DE29128B6939006B5F57 /* SStore.xcdatamodel in Sources */,
				B10800C01293913E005E9242 /* PXServer.m in Sources */,
				B1F21C1712A1C6CC00BF2181 /* PXConnection.m in Sources */,
				B183148312A281CD0071A678 /* PXAESDataTransformer.m in Sources */,
				B13035DD12A28819003DD6A4 /* SSCrypto.m in Sources */,
			);
			runOnlyForDeploymentPostprocessing = 0;
		};
/* End PBXSourcesBuildPhase section */

/* Begin PBXTargetDependency section */
		B183148012A280480071A678 /* PBXTargetDependency */ = {
			isa = PBXTargetDependency;
			name = SSCrypto;
			targetProxy = B183147F12A280480071A678 /* PBXContainerItemProxy */;
		};
/* End PBXTargetDependency section */

/* Begin XCBuildConfiguration section */
		B1A9DE2A128B6939006B5F57 /* Debug */ = {
			isa = XCBuildConfiguration;
			buildSettings = {
				ARCHS = "$(ARCHS_STANDARD_32_64_BIT)";
				GCC_C_LANGUAGE_STANDARD = gnu99;
				GCC_ENABLE_OBJC_GC = required;
				GCC_OPTIMIZATION_LEVEL = 0;
				GCC_PREPROCESSOR_DEFINITIONS = DEBUG;
				GCC_VERSION = com.apple.compilers.llvm.clang.1_0;
				GCC_WARN_ABOUT_RETURN_TYPE = YES;
				GCC_WARN_UNUSED_VARIABLE = YES;
				HEADER_SEARCH_PATHS = ../SSCrypto/;
				MACOSX_DEPLOYMENT_TARGET = 10.6;
				ONLY_ACTIVE_ARCH = YES;
				PREBINDING = NO;
				SDKROOT = macosx;
				USER_HEADER_SEARCH_PATHS = "../*/**";
			};
			name = Debug;
		};
		B1A9DE2B128B6939006B5F57 /* Release */ = {
			isa = XCBuildConfiguration;
			buildSettings = {
				ARCHS = "$(ARCHS_STANDARD_32_64_BIT)";
				GCC_C_LANGUAGE_STANDARD = gnu99;
				GCC_ENABLE_OBJC_GC = required;
				GCC_VERSION = com.apple.compilers.llvm.clang.1_0;
				GCC_WARN_ABOUT_RETURN_TYPE = YES;
				GCC_WARN_UNUSED_VARIABLE = YES;
				HEADER_SEARCH_PATHS = ../SSCrypto/;
				MACOSX_DEPLOYMENT_TARGET = 10.6;
				PREBINDING = NO;
				SDKROOT = macosx;
				USER_HEADER_SEARCH_PATHS = "../*/**";
			};
			name = Release;
		};
		B1A9DE2D128B6939006B5F57 /* Debug */ = {
			isa = XCBuildConfiguration;
			buildSettings = {
				ALWAYS_SEARCH_USER_PATHS = NO;
				COPY_PHASE_STRIP = NO;
				FRAMEWORK_SEARCH_PATHS = (
					"$(inherited)",
					"\"$(SRCROOT)\"",
				);
				GCC_DYNAMIC_NO_PIC = NO;
				GCC_ENABLE_OBJC_EXCEPTIONS = YES;
				GCC_MODEL_TUNING = G5;
				GCC_PRECOMPILE_PREFIX_HEADER = YES;
				GCC_PREFIX_HEADER = SStore_Prefix.pch;
				INSTALL_PATH = /usr/local/bin;
				PRODUCT_NAME = "$(TARGET_NAME)";
			};
			name = Debug;
		};
		B1A9DE2E128B6939006B5F57 /* Release */ = {
			isa = XCBuildConfiguration;
			buildSettings = {
				ALWAYS_SEARCH_USER_PATHS = NO;
				COPY_PHASE_STRIP = YES;
				DEBUG_INFORMATION_FORMAT = "dwarf-with-dsym";
				FRAMEWORK_SEARCH_PATHS = (
					"$(inherited)",
					"\"$(SRCROOT)\"",
				);
				GCC_ENABLE_OBJC_EXCEPTIONS = YES;
				GCC_MODEL_TUNING = G5;
				GCC_PRECOMPILE_PREFIX_HEADER = YES;
				GCC_PREFIX_HEADER = SStore_Prefix.pch;
				INSTALL_PATH = /usr/local/bin;
				PRODUCT_NAME = "$(TARGET_NAME)";
			};
			name = Release;
		};
/* End XCBuildConfiguration section */

/* Begin XCConfigurationList section */
		B1A9DE12128B6938006B5F57 /* Build configuration list for PBXProject "SStore" */ = {
			isa = XCConfigurationList;
			buildConfigurations = (
				B1A9DE2A128B6939006B5F57 /* Debug */,
				B1A9DE2B128B6939006B5F57 /* Release */,
			);
			defaultConfigurationIsVisible = 0;
			defaultConfigurationName = Release;
		};
		B1A9DE2C128B6939006B5F57 /* Build configuration list for PBXNativeTarget "SStore" */ = {
			isa = XCConfigurationList;
			buildConfigurations = (
				B1A9DE2D128B6939006B5F57 /* Debug */,
				B1A9DE2E128B6939006B5F57 /* Release */,
			);
			defaultConfigurationIsVisible = 0;
			defaultConfigurationName = Release;
		};
/* End XCConfigurationList section */
	};
	rootObject = B1A9DE0F128B6938006B5F57 /* Project object */;
}
