// !$*UTF8*$!
{
	archiveVersion = 1;
	classes = {
	};
	objectVersion = 46;
	objects = {

/* Begin PBXBuildFile section */
		B18C021F12A02920003C042B /* libssl.dylib in Frameworks */ = {isa = PBXBuildFile; fileRef = B18C021E12A02920003C042B /* libssl.dylib */; };
		B18C022212A02929003C042B /* libcrypto.dylib in Frameworks */ = {isa = PBXBuildFile; fileRef = B18C022112A02929003C042B /* libcrypto.dylib */; };
		B1BCE5C012A00CA80011556A /* Foundation.framework in Frameworks */ = {isa = PBXBuildFile; fileRef = B1BCE5BF12A00CA80011556A /* Foundation.framework */; };
		B1BCE5C312A00CA80011556A /* main.m in Sources */ = {isa = PBXBuildFile; fileRef = B1BCE5C212A00CA80011556A /* main.m */; };
		B1C8320D12A00D0F00F319B2 /* PXClient.m in Sources */ = {isa = PBXBuildFile; fileRef = B1C8320C12A00D0F00F319B2 /* PXClient.m */; };
		B1F21C1512A1C6C400BF2181 /* PXConnection.m in Sources */ = {isa = PBXBuildFile; fileRef = B1F21C1412A1C6C400BF2181 /* PXConnection.m */; };
/* End PBXBuildFile section */

/* Begin PBXCopyFilesBuildPhase section */
		B1BCE5B912A00CA80011556A /* CopyFiles */ = {
			isa = PBXCopyFilesBuildPhase;
			buildActionMask = 2147483647;
			dstPath = /usr/share/man/man1/;
			dstSubfolderSpec = 0;
			files = (
			);
			runOnlyForDeploymentPostprocessing = 1;
		};
/* End PBXCopyFilesBuildPhase section */

/* Begin PBXFileReference section */
		B183147012A2499B0071A678 /* config.plist */ = {isa = PBXFileReference; fileEncoding = 4; lastKnownFileType = text.plist.xml; path = config.plist; sourceTree = "<group>"; };
		B18C021E12A02920003C042B /* libssl.dylib */ = {isa = PBXFileReference; lastKnownFileType = "compiled.mach-o.dylib"; name = libssl.dylib; path = usr/lib/libssl.dylib; sourceTree = SDKROOT; };
		B18C022112A02929003C042B /* libcrypto.dylib */ = {isa = PBXFileReference; lastKnownFileType = "compiled.mach-o.dylib"; name = libcrypto.dylib; path = usr/lib/libcrypto.dylib; sourceTree = SDKROOT; };
		B1BCE5BB12A00CA80011556A /* AppGate */ = {isa = PBXFileReference; explicitFileType = "compiled.mach-o.executable"; includeInIndex = 0; path = AppGate; sourceTree = BUILT_PRODUCTS_DIR; };
		B1BCE5BF12A00CA80011556A /* Foundation.framework */ = {isa = PBXFileReference; lastKnownFileType = wrapper.framework; name = Foundation.framework; path = System/Library/Frameworks/Foundation.framework; sourceTree = SDKROOT; };
		B1BCE5C112A00CA80011556A /* AppGate.1 */ = {isa = PBXFileReference; lastKnownFileType = text.man; path = AppGate.1; sourceTree = "<group>"; };
		B1BCE5C212A00CA80011556A /* main.m */ = {isa = PBXFileReference; lastKnownFileType = sourcecode.c.objc; path = main.m; sourceTree = "<group>"; };
		B1BCE5C512A00CA80011556A /* AppGate-Prefix.pch */ = {isa = PBXFileReference; lastKnownFileType = sourcecode.c.h; path = "AppGate-Prefix.pch"; sourceTree = "<group>"; };
		B1C8320B12A00D0F00F319B2 /* PXClient.h */ = {isa = PBXFileReference; fileEncoding = 4; lastKnownFileType = sourcecode.c.h; path = PXClient.h; sourceTree = "<group>"; };
		B1C8320C12A00D0F00F319B2 /* PXClient.m */ = {isa = PBXFileReference; fileEncoding = 4; lastKnownFileType = sourcecode.c.objc; path = PXClient.m; sourceTree = "<group>"; };
		B1C8320F12A00D4800F319B2 /* PXConnection.h */ = {isa = PBXFileReference; fileEncoding = 4; lastKnownFileType = sourcecode.c.h; name = PXConnection.h; path = ../../SStore/Source/PXConnection.h; sourceTree = "<group>"; };
		B1F21C0F12A1B18E00BF2181 /* cert.pem */ = {isa = PBXFileReference; fileEncoding = 4; lastKnownFileType = text; path = cert.pem; sourceTree = "<group>"; };
		B1F21C1012A1B18E00BF2181 /* key.pem */ = {isa = PBXFileReference; fileEncoding = 4; lastKnownFileType = text; path = key.pem; sourceTree = "<group>"; };
		B1F21C1112A1B19B00BF2181 /* cacert.pem */ = {isa = PBXFileReference; fileEncoding = 4; lastKnownFileType = text; name = cacert.pem; path = /Users/paxswill/Developer/School/CS472/SecureGateway/demoCA/cacert.pem; sourceTree = "<absolute>"; };
		B1F21C1412A1C6C400BF2181 /* PXConnection.m */ = {isa = PBXFileReference; fileEncoding = 4; lastKnownFileType = sourcecode.c.objc; name = PXConnection.m; path = /Users/paxswill/Developer/School/CS472/SecureGateway/SStore/Source/PXConnection.m; sourceTree = "<absolute>"; };
/* End PBXFileReference section */

/* Begin PBXFrameworksBuildPhase section */
		B1BCE5B812A00CA80011556A /* Frameworks */ = {
			isa = PBXFrameworksBuildPhase;
			buildActionMask = 2147483647;
			files = (
				B18C022212A02929003C042B /* libcrypto.dylib in Frameworks */,
				B18C021F12A02920003C042B /* libssl.dylib in Frameworks */,
				B1BCE5C012A00CA80011556A /* Foundation.framework in Frameworks */,
			);
			runOnlyForDeploymentPostprocessing = 0;
		};
/* End PBXFrameworksBuildPhase section */

/* Begin PBXGroup section */
		B1BCE5AE12A00CA70011556A = {
			isa = PBXGroup;
			children = (
				B1BCE5B512A00CA80011556A /* Source */,
				B1BCE5B612A00CA80011556A /* Documentation */,
				B1BCE5BC12A00CA80011556A /* Products */,
				B1BCE5BE12A00CA80011556A /* Frameworks */,
				B1BCE5C412A00CA80011556A /* Other Sources */,
			);
			sourceTree = "<group>";
		};
		B1BCE5B512A00CA80011556A /* Source */ = {
			isa = PBXGroup;
			children = (
				B1BCE5C212A00CA80011556A /* main.m */,
				B1C8320F12A00D4800F319B2 /* PXConnection.h */,
				B1F21C1412A1C6C400BF2181 /* PXConnection.m */,
				B1C8320B12A00D0F00F319B2 /* PXClient.h */,
				B1C8320C12A00D0F00F319B2 /* PXClient.m */,
			);
			path = Source;
			sourceTree = "<group>";
		};
		B1BCE5B612A00CA80011556A /* Documentation */ = {
			isa = PBXGroup;
			children = (
				B1BCE5C112A00CA80011556A /* AppGate.1 */,
			);
			name = Documentation;
			sourceTree = "<group>";
		};
		B1BCE5BC12A00CA80011556A /* Products */ = {
			isa = PBXGroup;
			children = (
				B1BCE5BB12A00CA80011556A /* AppGate */,
			);
			name = Products;
			sourceTree = "<group>";
		};
		B1BCE5BE12A00CA80011556A /* Frameworks */ = {
			isa = PBXGroup;
			children = (
				B18C022112A02929003C042B /* libcrypto.dylib */,
				B18C021E12A02920003C042B /* libssl.dylib */,
				B1BCE5BF12A00CA80011556A /* Foundation.framework */,
			);
			name = Frameworks;
			sourceTree = "<group>";
		};
		B1BCE5C412A00CA80011556A /* Other Sources */ = {
			isa = PBXGroup;
			children = (
				B183147012A2499B0071A678 /* config.plist */,
				B1F21C1112A1B19B00BF2181 /* cacert.pem */,
				B1F21C0F12A1B18E00BF2181 /* cert.pem */,
				B1F21C1012A1B18E00BF2181 /* key.pem */,
				B1BCE5C512A00CA80011556A /* AppGate-Prefix.pch */,
			);
			name = "Other Sources";
			sourceTree = "<group>";
		};
/* End PBXGroup section */

/* Begin PBXNativeTarget section */
		B1BCE5BA12A00CA80011556A /* AppGate */ = {
			isa = PBXNativeTarget;
			buildConfigurationList = B1BCE5C812A00CA80011556A /* Build configuration list for PBXNativeTarget "AppGate" */;
			buildPhases = (
				B1BCE5B712A00CA80011556A /* Sources */,
				B1BCE5B812A00CA80011556A /* Frameworks */,
				B1BCE5B912A00CA80011556A /* CopyFiles */,
			);
			buildRules = (
			);
			dependencies = (
			);
			name = AppGate;
			productName = AppGate;
			productReference = B1BCE5BB12A00CA80011556A /* AppGate */;
			productType = "com.apple.product-type.tool";
		};
/* End PBXNativeTarget section */

/* Begin PBXProject section */
		B1BCE5B012A00CA70011556A /* Project object */ = {
			isa = PBXProject;
			attributes = {
				ORGANIZATIONNAME = "Naval Research Lab";
			};
			buildConfigurationList = B1BCE5B312A00CA70011556A /* Build configuration list for PBXProject "AppGate" */;
			compatibilityVersion = "Xcode 3.2";
			developmentRegion = English;
			hasScannedForEncodings = 0;
			knownRegions = (
				en,
			);
			mainGroup = B1BCE5AE12A00CA70011556A;
			productRefGroup = B1BCE5BC12A00CA80011556A /* Products */;
			projectDirPath = "";
			projectRoot = "";
			targets = (
				B1BCE5BA12A00CA80011556A /* AppGate */,
			);
		};
/* End PBXProject section */

/* Begin PBXSourcesBuildPhase section */
		B1BCE5B712A00CA80011556A /* Sources */ = {
			isa = PBXSourcesBuildPhase;
			buildActionMask = 2147483647;
			files = (
				B1BCE5C312A00CA80011556A /* main.m in Sources */,
				B1C8320D12A00D0F00F319B2 /* PXClient.m in Sources */,
				B1F21C1512A1C6C400BF2181 /* PXConnection.m in Sources */,
			);
			runOnlyForDeploymentPostprocessing = 0;
		};
/* End PBXSourcesBuildPhase section */

/* Begin XCBuildConfiguration section */
		B1BCE5C612A00CA80011556A /* Debug */ = {
			isa = XCBuildConfiguration;
			buildSettings = {
				ARCHS = "$(ARCHS_STANDARD_32_64_BIT)";
				GCC_C_LANGUAGE_STANDARD = gnu99;
				GCC_OPTIMIZATION_LEVEL = 0;
				GCC_PREPROCESSOR_DEFINITIONS = DEBUG;
				GCC_VERSION = com.apple.compilers.llvm.clang.1_0;
				GCC_WARN_ABOUT_RETURN_TYPE = YES;
				GCC_WARN_UNUSED_VARIABLE = YES;
				MACOSX_DEPLOYMENT_TARGET = 10.6;
				ONLY_ACTIVE_ARCH = YES;
				PREBINDING = NO;
				SDKROOT = macosx;
			};
			name = Debug;
		};
		B1BCE5C712A00CA80011556A /* Release */ = {
			isa = XCBuildConfiguration;
			buildSettings = {
				ARCHS = "$(ARCHS_STANDARD_32_64_BIT)";
				GCC_C_LANGUAGE_STANDARD = gnu99;
				GCC_VERSION = com.apple.compilers.llvm.clang.1_0;
				GCC_WARN_ABOUT_RETURN_TYPE = YES;
				GCC_WARN_UNUSED_VARIABLE = YES;
				MACOSX_DEPLOYMENT_TARGET = 10.6;
				PREBINDING = NO;
				SDKROOT = macosx;
			};
			name = Release;
		};
		B1BCE5C912A00CA80011556A /* Debug */ = {
			isa = XCBuildConfiguration;
			buildSettings = {
				ALWAYS_SEARCH_USER_PATHS = NO;
				COPY_PHASE_STRIP = NO;
				GCC_DYNAMIC_NO_PIC = NO;
				GCC_ENABLE_OBJC_EXCEPTIONS = YES;
				GCC_PRECOMPILE_PREFIX_HEADER = YES;
				GCC_PREFIX_HEADER = "AppGate-Prefix.pch";
				INSTALL_PATH = /usr/local/bin;
				PRODUCT_NAME = "$(TARGET_NAME)";
			};
			name = Debug;
		};
		B1BCE5CA12A00CA80011556A /* Release */ = {
			isa = XCBuildConfiguration;
			buildSettings = {
				ALWAYS_SEARCH_USER_PATHS = NO;
				COPY_PHASE_STRIP = YES;
				DEBUG_INFORMATION_FORMAT = "dwarf-with-dsym";
				GCC_ENABLE_OBJC_EXCEPTIONS = YES;
				GCC_PRECOMPILE_PREFIX_HEADER = YES;
				GCC_PREFIX_HEADER = "AppGate-Prefix.pch";
				INSTALL_PATH = /usr/local/bin;
				PRODUCT_NAME = "$(TARGET_NAME)";
			};
			name = Release;
		};
/* End XCBuildConfiguration section */

/* Begin XCConfigurationList section */
		B1BCE5B312A00CA70011556A /* Build configuration list for PBXProject "AppGate" */ = {
			isa = XCConfigurationList;
			buildConfigurations = (
				B1BCE5C612A00CA80011556A /* Debug */,
				B1BCE5C712A00CA80011556A /* Release */,
			);
			defaultConfigurationIsVisible = 0;
			defaultConfigurationName = Release;
		};
		B1BCE5C812A00CA80011556A /* Build configuration list for PBXNativeTarget "AppGate" */ = {
			isa = XCConfigurationList;
			buildConfigurations = (
				B1BCE5C912A00CA80011556A /* Debug */,
				B1BCE5CA12A00CA80011556A /* Release */,
			);
			defaultConfigurationIsVisible = 0;
			defaultConfigurationName = Release;
		};
/* End XCConfigurationList section */
	};
	rootObject = B1BCE5B012A00CA70011556A /* Project object */;
}
